{
  "version": 4,
  "terraform_version": "1.3.4",
  "serial": 2,
  "lineage": "6a8948e0-4801-a268-9115-24c0b5996f83",
  "outputs": {
    "repo_url": {
      "value": "https://github.com/StephenHurley/hashicat-app",
      "type": "string"
    }
  },
  "resources": [
    {
      "mode": "managed",
      "type": "github_repository",
      "name": "hashicat",
      "provider": "provider[\"registry.terraform.io/integrations/github\"]",
      "instances": [
        {
          "schema_version": 0,
          "attributes": {
            "allow_auto_merge": false,
            "allow_merge_commit": true,
            "allow_rebase_merge": true,
            "allow_squash_merge": true,
            "archive_on_destroy": null,
            "archived": false,
            "auto_init": null,
            "branches": [],
            "default_branch": "main",
            "delete_branch_on_merge": false,
            "description": "HaschiCat App is a social app for felines of all kinds.",
            "etag": "W/\"83c716db2c17a5147c9b37ca87f694817b26ea4a56973bf025790010dfe6219f\"",
            "full_name": "StephenHurley/hashicat-app",
            "git_clone_url": "git://github.com/StephenHurley/hashicat-app.git",
            "gitignore_template": null,
            "has_downloads": false,
            "has_issues": false,
            "has_projects": false,
            "has_wiki": false,
            "homepage_url": "",
            "html_url": "https://github.com/StephenHurley/hashicat-app",
            "http_clone_url": "https://github.com/StephenHurley/hashicat-app.git",
            "id": "hashicat-app",
            "ignore_vulnerability_alerts_during_read": null,
            "is_template": false,
            "license_template": null,
            "merge_commit_message": "PR_TITLE",
            "merge_commit_title": "MERGE_MESSAGE",
            "name": "hashicat-app",
            "node_id": "R_kgDOMT_ERA",
            "pages": [],
            "private": false,
            "repo_id": 826262596,
            "squash_merge_commit_message": "COMMIT_MESSAGES",
            "squash_merge_commit_title": "COMMIT_OR_PR_TITLE",
            "ssh_clone_url": "git@github.com:StephenHurley/hashicat-app.git",
            "svn_url": "https://github.com/StephenHurley/hashicat-app",
            "template": [],
            "topics": null,
            "visibility": "public",
            "vulnerability_alerts": false
          },
          "sensitive_attributes": [],
          "private": "bnVsbA=="
        }
      ]
    }
  ],
  "check_results": null
}
